
Microsoft Visual Studio Solution File, Format Version 11.00
# Visual Studio 2010
Project("{FAE04EC0-301F-11D3-BF4B-00C04F79EFBC}") = "Unity.XR.ARSubsystems", "Unity.XR.ARSubsystems.csproj", "{1d53d143-ee02-1a9d-2017-2e9eb89619a5}"
EndProject
Project("{FAE04EC0-301F-11D3-BF4B-00C04F79EFBC}") = "UnityEngine.TestRunner", "UnityEngine.TestRunner.csproj", "{f0b8ace8-4ea0-6215-b4f8-41d7a39ad827}"
EndProject
Project("{FAE04EC0-301F-11D3-BF4B-00C04F79EFBC}") = "Unity.Postprocessing.Runtime", "Unity.Postprocessing.Runtime.csproj", "{b027c7d3-75e6-61dc-6995-089fcac5473e}"
EndProject
Project("{FAE04EC0-301F-11D3-BF4B-00C04F79EFBC}") = "Unity.XR.ARKit", "Unity.XR.ARKit.csproj", "{fb9d32a3-d370-3820-324e-12a48fb0740a}"
EndProject
Project("{FAE04EC0-301F-11D3-BF4B-00C04F79EFBC}") = "UnityEngine.UI", "UnityEngine.UI.csproj", "{ff274f53-a668-48cf-e841-465dc15454ad}"
EndProject
Project("{FAE04EC0-301F-11D3-BF4B-00C04F79EFBC}") = "Unity.TextMeshPro", "Unity.TextMeshPro.csproj", "{fffb562e-91a3-0ed6-6dbb-a54b26d0b39b}"
EndProject
Project("{FAE04EC0-301F-11D3-BF4B-00C04F79EFBC}") = "Unity.Timeline", "Unity.Timeline.csproj", "{aa828886-2917-62ba-4636-9fe725e1e9b0}"
EndProject
Project("{FAE04EC0-301F-11D3-BF4B-00C04F79EFBC}") = "Unity.XR.ARFoundation", "Unity.XR.ARFoundation.csproj", "{8e35f56f-39fd-4e63-08f5-bf98d4dda7d0}"
EndProject
Project("{FAE04EC0-301F-11D3-BF4B-00C04F79EFBC}") = "UnityEngine.XR.LegacyInputHelpers", "UnityEngine.XR.LegacyInputHelpers.csproj", "{96e63085-21f3-2916-bea4-1ed9c1cb1df8}"
EndProject
Project("{FAE04EC0-301F-11D3-BF4B-00C04F79EFBC}") = "Unity.XR.Management", "Unity.XR.Management.csproj", "{4580c4e8-232c-d8eb-97f9-425cb97d3466}"
EndProject
Project("{FAE04EC0-301F-11D3-BF4B-00C04F79EFBC}") = "Unity.Subsystem.Registration", "Unity.Subsystem.Registration.csproj", "{600c86a8-9313-df39-a16a-9bd83b524685}"
EndProject
Project("{FAE04EC0-301F-11D3-BF4B-00C04F79EFBC}") = "UnityEngine.SpatialTracking", "UnityEngine.SpatialTracking.csproj", "{0c239d90-1417-4d4f-cce0-cc6a5feca2e6}"
EndProject
Project("{FAE04EC0-301F-11D3-BF4B-00C04F79EFBC}") = "Assembly-CSharp", "Assembly-CSharp.csproj", "{e8d890d8-8392-d8ca-857a-6d3d49f4a3f1}"
EndProject
Project("{FAE04EC0-301F-11D3-BF4B-00C04F79EFBC}") = "UnityEditor.TestRunner", "UnityEditor.TestRunner.csproj", "{d5e1dc0f-115c-13c3-1feb-0bcbdf03efff}"
EndProject
Project("{FAE04EC0-301F-11D3-BF4B-00C04F79EFBC}") = "Unity.TextMeshPro.Editor", "Unity.TextMeshPro.Editor.csproj", "{0df9dafa-1246-eb85-fb70-7704aaab62d9}"
EndProject
Project("{FAE04EC0-301F-11D3-BF4B-00C04F79EFBC}") = "Unity.Timeline.Editor", "Unity.Timeline.Editor.csproj", "{0129f86a-e500-2da5-a3be-5a12922b327d}"
EndProject
Project("{FAE04EC0-301F-11D3-BF4B-00C04F79EFBC}") = "UnityEditor.UI", "UnityEditor.UI.csproj", "{c0e4e1b6-e5d4-9fd3-f312-520b2b6fed77}"
EndProject
Project("{FAE04EC0-301F-11D3-BF4B-00C04F79EFBC}") = "Unity.Rider.Editor", "Unity.Rider.Editor.csproj", "{bbfaefff-4da8-bab4-7183-23ada1ed0731}"
EndProject
Project("{FAE04EC0-301F-11D3-BF4B-00C04F79EFBC}") = "Unity.XR.ARSubsystems.Editor", "Unity.XR.ARSubsystems.Editor.csproj", "{4f991e0c-62bf-864b-12a4-713632781e7e}"
EndProject
Project("{FAE04EC0-301F-11D3-BF4B-00C04F79EFBC}") = "UnityEditor.XR.LegacyInputHelpers", "UnityEditor.XR.LegacyInputHelpers.csproj", "{13bf8ec1-e4a3-f114-b369-6728841b90ca}"
EndProject
Project("{FAE04EC0-301F-11D3-BF4B-00C04F79EFBC}") = "Unity.XR.ARKit.Editor", "Unity.XR.ARKit.Editor.csproj", "{702f1ee4-8542-71d4-eb33-d6341d2f6264}"
EndProject
Project("{FAE04EC0-301F-11D3-BF4B-00C04F79EFBC}") = "Unity.XR.Management.Editor", "Unity.XR.Management.Editor.csproj", "{7e5d067a-c0d1-3cb8-1749-f4c9d9ac24ef}"
EndProject
Project("{FAE04EC0-301F-11D3-BF4B-00C04F79EFBC}") = "Unity.Postprocessing.Editor", "Unity.Postprocessing.Editor.csproj", "{8e15b033-e29d-c5f9-034d-055eb905cf22}"
EndProject
Project("{FAE04EC0-301F-11D3-BF4B-00C04F79EFBC}") = "Unity.CollabProxy.Editor", "Unity.CollabProxy.Editor.csproj", "{1afa1a7f-77cf-ea83-85ae-91c20894242f}"
EndProject
Project("{FAE04EC0-301F-11D3-BF4B-00C04F79EFBC}") = "Unity.VSCode.Editor", "Unity.VSCode.Editor.csproj", "{cdda3fd9-2d20-4893-b208-201daa478fb1}"
EndProject
Project("{FAE04EC0-301F-11D3-BF4B-00C04F79EFBC}") = "Unity.XR.ARFoundation.Editor", "Unity.XR.ARFoundation.Editor.csproj", "{d0ba395a-d8f6-7b31-f0bb-3ff38758227f}"
EndProject
Project("{FAE04EC0-301F-11D3-BF4B-00C04F79EFBC}") = "Unity.InternalAPIEditorBridge.005", "Unity.InternalAPIEditorBridge.005.csproj", "{a4aacb50-39e7-3712-2bd1-8bad9532d9e9}"
EndProject
Project("{FAE04EC0-301F-11D3-BF4B-00C04F79EFBC}") = "UnityEditor.SpatialTracking", "UnityEditor.SpatialTracking.csproj", "{c250ec37-0873-1974-e9c0-bba0d384102d}"
EndProject
Global
	GlobalSection(SolutionConfigurationPlatforms) = preSolution
		Debug|Any CPU = Debug|Any CPU
	EndGlobalSection
	GlobalSection(ProjectConfigurationPlatforms) = postSolution
		{1d53d143-ee02-1a9d-2017-2e9eb89619a5}.Debug|Any CPU.ActiveCfg = Debug|Any CPU
		{1d53d143-ee02-1a9d-2017-2e9eb89619a5}.Debug|Any CPU.Build.0 = Debug|Any CPU
		{f0b8ace8-4ea0-6215-b4f8-41d7a39ad827}.Debug|Any CPU.ActiveCfg = Debug|Any CPU
		{f0b8ace8-4ea0-6215-b4f8-41d7a39ad827}.Debug|Any CPU.Build.0 = Debug|Any CPU
		{b027c7d3-75e6-61dc-6995-089fcac5473e}.Debug|Any CPU.ActiveCfg = Debug|Any CPU
		{b027c7d3-75e6-61dc-6995-089fcac5473e}.Debug|Any CPU.Build.0 = Debug|Any CPU
		{fb9d32a3-d370-3820-324e-12a48fb0740a}.Debug|Any CPU.ActiveCfg = Debug|Any CPU
		{fb9d32a3-d370-3820-324e-12a48fb0740a}.Debug|Any CPU.Build.0 = Debug|Any CPU
		{ff274f53-a668-48cf-e841-465dc15454ad}.Debug|Any CPU.ActiveCfg = Debug|Any CPU
		{ff274f53-a668-48cf-e841-465dc15454ad}.Debug|Any CPU.Build.0 = Debug|Any CPU
		{fffb562e-91a3-0ed6-6dbb-a54b26d0b39b}.Debug|Any CPU.ActiveCfg = Debug|Any CPU
		{fffb562e-91a3-0ed6-6dbb-a54b26d0b39b}.Debug|Any CPU.Build.0 = Debug|Any CPU
		{aa828886-2917-62ba-4636-9fe725e1e9b0}.Debug|Any CPU.ActiveCfg = Debug|Any CPU
		{aa828886-2917-62ba-4636-9fe725e1e9b0}.Debug|Any CPU.Build.0 = Debug|Any CPU
		{8e35f56f-39fd-4e63-08f5-bf98d4dda7d0}.Debug|Any CPU.ActiveCfg = Debug|Any CPU
		{8e35f56f-39fd-4e63-08f5-bf98d4dda7d0}.Debug|Any CPU.Build.0 = Debug|Any CPU
		{96e63085-21f3-2916-bea4-1ed9c1cb1df8}.Debug|Any CPU.ActiveCfg = Debug|Any CPU
		{96e63085-21f3-2916-bea4-1ed9c1cb1df8}.Debug|Any CPU.Build.0 = Debug|Any CPU
		{4580c4e8-232c-d8eb-97f9-425cb97d3466}.Debug|Any CPU.ActiveCfg = Debug|Any CPU
		{4580c4e8-232c-d8eb-97f9-425cb97d3466}.Debug|Any CPU.Build.0 = Debug|Any CPU
		{600c86a8-9313-df39-a16a-9bd83b524685}.Debug|Any CPU.ActiveCfg = Debug|Any CPU
		{600c86a8-9313-df39-a16a-9bd83b524685}.Debug|Any CPU.Build.0 = Debug|Any CPU
		{0c239d90-1417-4d4f-cce0-cc6a5feca2e6}.Debug|Any CPU.ActiveCfg = Debug|Any CPU
		{0c239d90-1417-4d4f-cce0-cc6a5feca2e6}.Debug|Any CPU.Build.0 = Debug|Any CPU
		{e8d890d8-8392-d8ca-857a-6d3d49f4a3f1}.Debug|Any CPU.ActiveCfg = Debug|Any CPU
		{e8d890d8-8392-d8ca-857a-6d3d49f4a3f1}.Debug|Any CPU.Build.0 = Debug|Any CPU
		{d5e1dc0f-115c-13c3-1feb-0bcbdf03efff}.Debug|Any CPU.ActiveCfg = Debug|Any CPU
		{d5e1dc0f-115c-13c3-1feb-0bcbdf03efff}.Debug|Any CPU.Build.0 = Debug|Any CPU
		{0df9dafa-1246-eb85-fb70-7704aaab62d9}.Debug|Any CPU.ActiveCfg = Debug|Any CPU
		{0df9dafa-1246-eb85-fb70-7704aaab62d9}.Debug|Any CPU.Build.0 = Debug|Any CPU
		{0129f86a-e500-2da5-a3be-5a12922b327d}.Debug|Any CPU.ActiveCfg = Debug|Any CPU
		{0129f86a-e500-2da5-a3be-5a12922b327d}.Debug|Any CPU.Build.0 = Debug|Any CPU
		{c0e4e1b6-e5d4-9fd3-f312-520b2b6fed77}.Debug|Any CPU.ActiveCfg = Debug|Any CPU
		{c0e4e1b6-e5d4-9fd3-f312-520b2b6fed77}.Debug|Any CPU.Build.0 = Debug|Any CPU
		{bbfaefff-4da8-bab4-7183-23ada1ed0731}.Debug|Any CPU.ActiveCfg = Debug|Any CPU
		{bbfaefff-4da8-bab4-7183-23ada1ed0731}.Debug|Any CPU.Build.0 = Debug|Any CPU
		{4f991e0c-62bf-864b-12a4-713632781e7e}.Debug|Any CPU.ActiveCfg = Debug|Any CPU
		{4f991e0c-62bf-864b-12a4-713632781e7e}.Debug|Any CPU.Build.0 = Debug|Any CPU
		{13bf8ec1-e4a3-f114-b369-6728841b90ca}.Debug|Any CPU.ActiveCfg = Debug|Any CPU
		{13bf8ec1-e4a3-f114-b369-6728841b90ca}.Debug|Any CPU.Build.0 = Debug|Any CPU
		{702f1ee4-8542-71d4-eb33-d6341d2f6264}.Debug|Any CPU.ActiveCfg = Debug|Any CPU
		{702f1ee4-8542-71d4-eb33-d6341d2f6264}.Debug|Any CPU.Build.0 = Debug|Any CPU
		{7e5d067a-c0d1-3cb8-1749-f4c9d9ac24ef}.Debug|Any CPU.ActiveCfg = Debug|Any CPU
		{7e5d067a-c0d1-3cb8-1749-f4c9d9ac24ef}.Debug|Any CPU.Build.0 = Debug|Any CPU
		{8e15b033-e29d-c5f9-034d-055eb905cf22}.Debug|Any CPU.ActiveCfg = Debug|Any CPU
		{8e15b033-e29d-c5f9-034d-055eb905cf22}.Debug|Any CPU.Build.0 = Debug|Any CPU
		{1afa1a7f-77cf-ea83-85ae-91c20894242f}.Debug|Any CPU.ActiveCfg = Debug|Any CPU
		{1afa1a7f-77cf-ea83-85ae-91c20894242f}.Debug|Any CPU.Build.0 = Debug|Any CPU
		{cdda3fd9-2d20-4893-b208-201daa478fb1}.Debug|Any CPU.ActiveCfg = Debug|Any CPU
		{cdda3fd9-2d20-4893-b208-201daa478fb1}.Debug|Any CPU.Build.0 = Debug|Any CPU
		{d0ba395a-d8f6-7b31-f0bb-3ff38758227f}.Debug|Any CPU.ActiveCfg = Debug|Any CPU
		{d0ba395a-d8f6-7b31-f0bb-3ff38758227f}.Debug|Any CPU.Build.0 = Debug|Any CPU
		{a4aacb50-39e7-3712-2bd1-8bad9532d9e9}.Debug|Any CPU.ActiveCfg = Debug|Any CPU
		{a4aacb50-39e7-3712-2bd1-8bad9532d9e9}.Debug|Any CPU.Build.0 = Debug|Any CPU
		{c250ec37-0873-1974-e9c0-bba0d384102d}.Debug|Any CPU.ActiveCfg = Debug|Any CPU
		{c250ec37-0873-1974-e9c0-bba0d384102d}.Debug|Any CPU.Build.0 = Debug|Any CPU
	EndGlobalSection
	GlobalSection(SolutionProperties) = preSolution
		HideSolutionNode = FALSE
	EndGlobalSection
EndGlobal
